# This file is generated by running "yarn install" inside your project.
# Manual changes might be lost - proceed with caution!

__metadata:
  version: 8
  cacheKey: 10c0

"@acemir/cssom@npm:^0.9.31":
  version: 0.9.31
  resolution: "@acemir/cssom@npm:0.9.31"
  checksum: 10c0/cbfff98812642104ec3b37de1ad3a53f216ddc437e7b9276a23f46f2453844ea3c3f46c200bc4656a2f747fb26567560b3cc5183d549d119a758926551b5f566
  languageName: node
  linkType: hard
